
Microsoft Visual Studio Solution File, Format Version 12.00
# Visual Studio Version 17
VisualStudioVersion = 17.5.33414.496
MinimumVisualStudioVersion = 10.0.40219.1
Project("{FAE04EC0-301F-11D3-BF4B-00C04F79EFBC}") = "090323_NBUY_3", "090323_NBUY_3\090323_NBUY_3.csproj", "{FCB5EB74-032D-4F8B-B71F-7AFFDF9E951A}"
EndProject
Global
	GlobalSection(SolutionConfigurationPlatforms) = preSolution
		Debug|Any CPU = Debug|Any CPU
		Release|Any CPU = Release|Any CPU
	EndGlobalSection
	GlobalSection(ProjectConfigurationPlatforms) = postSolution
		{FCB5EB74-032D-4F8B-B71F-7AFFDF9E951A}.Debug|Any CPU.ActiveCfg = Debug|Any CPU
		{FCB5EB74-032D-4F8B-B71F-7AFFDF9E951A}.Debug|Any CPU.Build.0 = Debug|Any CPU
		{FCB5EB74-032D-4F8B-B71F-7AFFDF9E951A}.Release|Any CPU.ActiveCfg = Release|Any CPU
		{FCB5EB74-032D-4F8B-B71F-7AFFDF9E951A}.Release|Any CPU.Build.0 = Release|Any CPU
	EndGlobalSection
	GlobalSection(SolutionProperties) = preSolution
		HideSolutionNode = FALSE
	EndGlobalSection
	GlobalSection(ExtensibilityGlobals) = postSolution
		SolutionGuid = {A016564F-AA05-47F5-942E-4CD3B07129E1}
	EndGlobalSection
EndGlobal
